# This file is automatically @generated by Cargo.
# It is not intended for manual editing.
version = 3

[[package]]
name = "chs"
version = "0.1.0"
dependencies = [
 "chs_ast",
 "chs_lexer",
 "chs_util",
]

[[package]]
name = "chs_ast"
version = "0.1.0"
dependencies = [
 "chs_lexer",
 "chs_types",
 "chs_util",
]

[[package]]
name = "chs_lexer"
version = "0.1.0"
dependencies = [
 "chs_util",
]

[[package]]
name = "chs_types"
version = "0.1.0"

[[package]]
name = "chs_util"
version = "0.1.0"

[[package]]
name = "chsvm"
version = "0.1.0"
dependencies = [
 "chs_ast",
 "chs_lexer",
 "chs_util",
]
